
Microsoft Visual Studio Solution File, Format Version 12.00
# Visual Studio Version 17
VisualStudioVersion = 17.3.32929.385
MinimumVisualStudioVersion = 10.0.40219.1
Project("{8BC9CEB8-8B4A-11D0-8D11-00A0C91BC942}") = "ShadowArray", "ShadowArray\ShadowArray.vcxproj", "{DB5A7728-6ACF-486A-88F8-CB458217449B}"
EndProject
Global
	GlobalSection(SolutionConfigurationPlatforms) = preSolution
		Debug|x64 = Debug|x64
		Debug|x86 = Debug|x86
		Release|x64 = Release|x64
		Release|x86 = Release|x86
	EndGlobalSection
	GlobalSection(ProjectConfigurationPlatforms) = postSolution
		{DB5A7728-6ACF-486A-88F8-CB458217449B}.Debug|x64.ActiveCfg = Debug|x64
		{DB5A7728-6ACF-486A-88F8-CB458217449B}.Debug|x64.Build.0 = Debug|x64
		{DB5A7728-6ACF-486A-88F8-CB458217449B}.Debug|x86.ActiveCfg = Debug|Win32
		{DB5A7728-6ACF-486A-88F8-CB458217449B}.Debug|x86.Build.0 = Debug|Win32
		{DB5A7728-6ACF-486A-88F8-CB458217449B}.Release|x64.ActiveCfg = Release|x64
		{DB5A7728-6ACF-486A-88F8-CB458217449B}.Release|x64.Build.0 = Release|x64
		{DB5A7728-6ACF-486A-88F8-CB458217449B}.Release|x86.ActiveCfg = Release|Win32
		{DB5A7728-6ACF-486A-88F8-CB458217449B}.Release|x86.Build.0 = Release|Win32
	EndGlobalSection
	GlobalSection(SolutionProperties) = preSolution
		HideSolutionNode = FALSE
	EndGlobalSection
	GlobalSection(ExtensibilityGlobals) = postSolution
		SolutionGuid = {1F010ECD-88B6-4AE8-A577-40507C1043B1}
	EndGlobalSection
EndGlobal
